
Microsoft Visual Studio Solution File, Format Version 12.00
# Visual Studio Version 17
VisualStudioVersion = 17.8.34330.188
MinimumVisualStudioVersion = 10.0.40219.1
Project("{9A19103F-16F7-4668-BE54-9A1E7A4F7556}") = "p3rpc.nativetypes", "p3rpc.nativetypes\p3rpc.nativetypes.csproj", "{8E596685-4FBA-4588-BA77-2440686F6786}"
EndProject
Project("{FAE04EC0-301F-11D3-BF4B-00C04F79EFBC}") = "p3rpc.nativetypes.Interfaces", "p3rpc.nativetypes.Interfaces\p3rpc.nativetypes.Interfaces.csproj", "{AE60D563-77EF-4E27-8BCD-C4D823430972}"
EndProject
Global
	GlobalSection(SolutionConfigurationPlatforms) = preSolution
		Debug|Any CPU = Debug|Any CPU
		Release|Any CPU = Release|Any CPU
	EndGlobalSection
	GlobalSection(ProjectConfigurationPlatforms) = postSolution
		{8E596685-4FBA-4588-BA77-2440686F6786}.Debug|Any CPU.ActiveCfg = Debug|Any CPU
		{8E596685-4FBA-4588-BA77-2440686F6786}.Debug|Any CPU.Build.0 = Debug|Any CPU
		{8E596685-4FBA-4588-BA77-2440686F6786}.Release|Any CPU.ActiveCfg = Release|Any CPU
		{8E596685-4FBA-4588-BA77-2440686F6786}.Release|Any CPU.Build.0 = Release|Any CPU
		{AE60D563-77EF-4E27-8BCD-C4D823430972}.Debug|Any CPU.ActiveCfg = Debug|Any CPU
		{AE60D563-77EF-4E27-8BCD-C4D823430972}.Debug|Any CPU.Build.0 = Debug|Any CPU
		{AE60D563-77EF-4E27-8BCD-C4D823430972}.Release|Any CPU.ActiveCfg = Release|Any CPU
		{AE60D563-77EF-4E27-8BCD-C4D823430972}.Release|Any CPU.Build.0 = Release|Any CPU
	EndGlobalSection
	GlobalSection(SolutionProperties) = preSolution
		HideSolutionNode = FALSE
	EndGlobalSection
	GlobalSection(ExtensibilityGlobals) = postSolution
		SolutionGuid = {EF118158-9A7E-42B1-A85A-7214592ADA9C}
	EndGlobalSection
EndGlobal
